
Microsoft Visual Studio Solution File, Format Version 12.00
# Visual Studio Version 16
VisualStudioVersion = 16.0.30114.105
MinimumVisualStudioVersion = 10.0.40219.1
Project("{FAE04EC0-301F-11D3-BF4B-00C04F79EFBC}") = "Generator", "Generator\Generator.csproj", "{32EBAA11-E56D-4AE2-B344-2DA12F3A15C1}"
EndProject
Project("{FAE04EC0-301F-11D3-BF4B-00C04F79EFBC}") = "Tests", "Tests\Tests.csproj", "{54401DF2-20BF-4050-BD7A-B03A6AAC6C75}"
EndProject
Global
	GlobalSection(SolutionConfigurationPlatforms) = preSolution
		Debug|Any CPU = Debug|Any CPU
		Debug|x64 = Debug|x64
		Debug|x86 = Debug|x86
		Release|Any CPU = Release|Any CPU
		Release|x64 = Release|x64
		Release|x86 = Release|x86
	EndGlobalSection
	GlobalSection(SolutionProperties) = preSolution
		HideSolutionNode = FALSE
	EndGlobalSection
	GlobalSection(ProjectConfigurationPlatforms) = postSolution
		{32EBAA11-E56D-4AE2-B344-2DA12F3A15C1}.Debug|Any CPU.ActiveCfg = Debug|Any CPU
		{32EBAA11-E56D-4AE2-B344-2DA12F3A15C1}.Debug|Any CPU.Build.0 = Debug|Any CPU
		{32EBAA11-E56D-4AE2-B344-2DA12F3A15C1}.Debug|x64.ActiveCfg = Debug|Any CPU
		{32EBAA11-E56D-4AE2-B344-2DA12F3A15C1}.Debug|x64.Build.0 = Debug|Any CPU
		{32EBAA11-E56D-4AE2-B344-2DA12F3A15C1}.Debug|x86.ActiveCfg = Debug|Any CPU
		{32EBAA11-E56D-4AE2-B344-2DA12F3A15C1}.Debug|x86.Build.0 = Debug|Any CPU
		{32EBAA11-E56D-4AE2-B344-2DA12F3A15C1}.Release|Any CPU.ActiveCfg = Release|Any CPU
		{32EBAA11-E56D-4AE2-B344-2DA12F3A15C1}.Release|Any CPU.Build.0 = Release|Any CPU
		{32EBAA11-E56D-4AE2-B344-2DA12F3A15C1}.Release|x64.ActiveCfg = Release|Any CPU
		{32EBAA11-E56D-4AE2-B344-2DA12F3A15C1}.Release|x64.Build.0 = Release|Any CPU
		{32EBAA11-E56D-4AE2-B344-2DA12F3A15C1}.Release|x86.ActiveCfg = Release|Any CPU
		{32EBAA11-E56D-4AE2-B344-2DA12F3A15C1}.Release|x86.Build.0 = Release|Any CPU
		{54401DF2-20BF-4050-BD7A-B03A6AAC6C75}.Debug|Any CPU.ActiveCfg = Debug|Any CPU
		{54401DF2-20BF-4050-BD7A-B03A6AAC6C75}.Debug|Any CPU.Build.0 = Debug|Any CPU
		{54401DF2-20BF-4050-BD7A-B03A6AAC6C75}.Debug|x64.ActiveCfg = Debug|Any CPU
		{54401DF2-20BF-4050-BD7A-B03A6AAC6C75}.Debug|x64.Build.0 = Debug|Any CPU
		{54401DF2-20BF-4050-BD7A-B03A6AAC6C75}.Debug|x86.ActiveCfg = Debug|Any CPU
		{54401DF2-20BF-4050-BD7A-B03A6AAC6C75}.Debug|x86.Build.0 = Debug|Any CPU
		{54401DF2-20BF-4050-BD7A-B03A6AAC6C75}.Release|Any CPU.ActiveCfg = Release|Any CPU
		{54401DF2-20BF-4050-BD7A-B03A6AAC6C75}.Release|Any CPU.Build.0 = Release|Any CPU
		{54401DF2-20BF-4050-BD7A-B03A6AAC6C75}.Release|x64.ActiveCfg = Release|Any CPU
		{54401DF2-20BF-4050-BD7A-B03A6AAC6C75}.Release|x64.Build.0 = Release|Any CPU
		{54401DF2-20BF-4050-BD7A-B03A6AAC6C75}.Release|x86.ActiveCfg = Release|Any CPU
		{54401DF2-20BF-4050-BD7A-B03A6AAC6C75}.Release|x86.Build.0 = Release|Any CPU
	EndGlobalSection
EndGlobal
